# This file is automatically @generated by Cargo.
# It is not intended for manual editing.
version = 3

[[package]]
name = "ahash"
version = "0.8.3"
source = "registry+https://github.com/rust-lang/crates.io-index"
checksum = "2c99f64d1e06488f620f932677e24bc6e2897582980441ae90a671415bd7ec2f"
dependencies = [
 "cfg-if",
 "once_cell",
 "version_check",
]

[[package]]
name = "aho-corasick"
version = "0.7.20"
source = "registry+https://github.com/rust-lang/crates.io-index"
checksum = "cc936419f96fa211c1b9166887b38e5e40b19958e5b895be7c1f93adec7071ac"
dependencies = [
 "memchr",
]

[[package]]
name = "borsh"
version = "0.10.2"
source = "registry+https://github.com/rust-lang/crates.io-index"
checksum = "40f9ca3698b2e4cb7c15571db0abc5551dca417a21ae8140460b50309bb2cc62"
dependencies = [
 "borsh-derive",
 "hashbrown",
]

[[package]]
name = "borsh-derive"
version = "0.10.2"
source = "registry+https://github.com/rust-lang/crates.io-index"
checksum = "598b3eacc6db9c3ee57b22707ad8f6a8d2f6d442bfe24ffeb8cbb70ca59e6a35"
dependencies = [
 "borsh-derive-internal",
 "borsh-schema-derive-internal",
 "proc-macro-crate",
 "proc-macro2",
 "syn",
]

[[package]]
name = "borsh-derive-internal"
version = "0.10.2"
source = "registry+https://github.com/rust-lang/crates.io-index"
checksum = "186b734fa1c9f6743e90c95d7233c9faab6360d1a96d4ffa19d9cfd1e9350f8a"
dependencies = [
 "proc-macro2",
 "quote",
 "syn",
]

[[package]]
name = "borsh-schema-derive-internal"
version = "0.10.2"
source = "registry+https://github.com/rust-lang/crates.io-index"
checksum = "99b7ff1008316626f485991b960ade129253d4034014616b94f309a15366cc49"
dependencies = [
 "proc-macro2",
 "quote",
 "syn",
]

[[package]]
name = "cfg-if"
version = "1.0.0"
source = "registry+https://github.com/rust-lang/crates.io-index"
checksum = "baf1de4339761588bc0619e3cbc0120ee582ebb74b53b4efbf79117bd2da40fd"

[[package]]
name = "custom-derive"
version = "0.1.0"
dependencies = [
 "custom-derive-internal",
 "proc-macro-crate",
 "proc-macro2",
 "syn",
]

[[package]]
name = "custom-derive-internal"
version = "0.1.0"
dependencies = [
 "proc-macro2",
 "quote",
 "syn",
]

[[package]]
name = "dynamic_struct"
version = "0.1.0"
dependencies = [
 "borsh",
 "borsh-derive",
 "custom-derive",
 "regex",
 "serde",
 "serde_derive",
 "serde_json",
 "sophia",
 "uuid",
]

[[package]]
name = "hashbrown"
version = "0.13.2"
source = "registry+https://github.com/rust-lang/crates.io-index"
checksum = "43a3c133739dddd0d2990f9a4bdf8eb4b21ef50e4851ca85ab661199821d510e"
dependencies = [
 "ahash",
]

[[package]]
name = "itoa"
version = "1.0.6"
source = "registry+https://github.com/rust-lang/crates.io-index"
checksum = "453ad9f582a441959e5f0d088b02ce04cfe8d51a8eaf077f12ac6d3e94164ca6"

[[package]]
name = "lazy_static"
version = "1.4.0"
source = "registry+https://github.com/rust-lang/crates.io-index"
checksum = "e2abad23fbc42b3700f2f279844dc832adb2b2eb069b2df918f455c4e18cc646"

[[package]]
name = "memchr"
version = "2.5.0"
source = "registry+https://github.com/rust-lang/crates.io-index"
checksum = "2dffe52ecf27772e601905b7522cb4ef790d2cc203488bbd0e2fe85fcb74566d"

[[package]]
name = "mownstr"
version = "0.1.3"
source = "registry+https://github.com/rust-lang/crates.io-index"
checksum = "76aacdf8f9850a9db34e33e35abfc17a29b9577d0eb2cbfaeb734662cacca5b3"

[[package]]
name = "once_cell"
version = "1.17.1"
source = "registry+https://github.com/rust-lang/crates.io-index"
checksum = "b7e5500299e16ebb147ae15a00a942af264cf3688f47923b8fc2cd5858f23ad3"

[[package]]
name = "oxilangtag"
version = "0.1.3"
source = "registry+https://github.com/rust-lang/crates.io-index"
checksum = "8d91edf4fbb970279443471345a4e8c491bf05bb283b3e6c88e4e606fd8c181b"

[[package]]
name = "oxiri"
version = "0.2.2"
source = "registry+https://github.com/rust-lang/crates.io-index"
checksum = "bb175ec8981211357b7b379869c2f8d555881c55ea62311428ec0de46d89bd5c"

[[package]]
name = "proc-macro-crate"
version = "0.1.5"
source = "registry+https://github.com/rust-lang/crates.io-index"
checksum = "1d6ea3c4595b96363c13943497db34af4460fb474a95c43f4446ad341b8c9785"
dependencies = [
 "toml",
]

[[package]]
name = "proc-macro2"
version = "1.0.51"
source = "registry+https://github.com/rust-lang/crates.io-index"
checksum = "5d727cae5b39d21da60fa540906919ad737832fe0b1c165da3a34d6548c849d6"
dependencies = [
 "unicode-ident",
]

[[package]]
name = "quote"
version = "1.0.23"
source = "registry+https://github.com/rust-lang/crates.io-index"
checksum = "8856d8364d252a14d474036ea1358d63c9e6965c8e5c1885c18f73d70bff9c7b"
dependencies = [
 "proc-macro2",
]

[[package]]
name = "regex"
version = "1.7.1"
source = "registry+https://github.com/rust-lang/crates.io-index"
checksum = "48aaa5748ba571fb95cd2c85c09f629215d3a6ece942baa100950af03a34f733"
dependencies = [
 "aho-corasick",
 "memchr",
 "regex-syntax",
]

[[package]]
name = "regex-syntax"
version = "0.6.28"
source = "registry+https://github.com/rust-lang/crates.io-index"
checksum = "456c603be3e8d448b072f410900c09faf164fbce2d480456f50eea6e25f9c848"

[[package]]
name = "resiter"
version = "0.4.0"
source = "registry+https://github.com/rust-lang/crates.io-index"
checksum = "bd69ab1e90258b7769f0b5c46bfd802b8206d0707ced4ca4b9d5681b744de1be"

[[package]]
name = "rio_api"
version = "0.6.2"
source = "registry+https://github.com/rust-lang/crates.io-index"
checksum = "6ed96d73ad4e0de59e667b26c899930c90912cad3fec5f0291fc3171c90dacae"

[[package]]
name = "rio_turtle"
version = "0.6.2"
source = "registry+https://github.com/rust-lang/crates.io-index"
checksum = "1945ea5cf5f489bd2cbafeb705686abdc94edfa9dd88a63a25e8c5c0d38f9cc2"
dependencies = [
 "oxilangtag",
 "oxiri",
 "rio_api",
]

[[package]]
name = "ryu"
version = "1.0.13"
source = "registry+https://github.com/rust-lang/crates.io-index"
checksum = "f91339c0467de62360649f8d3e185ca8de4224ff281f66000de5eb2a77a79041"

[[package]]
name = "serde"
version = "1.0.152"
source = "registry+https://github.com/rust-lang/crates.io-index"
checksum = "bb7d1f0d3021d347a83e556fc4683dea2ea09d87bccdf88ff5c12545d89d5efb"

[[package]]
name = "serde_derive"
version = "1.0.152"
source = "registry+https://github.com/rust-lang/crates.io-index"
checksum = "af487d118eecd09402d70a5d72551860e788df87b464af30e5ea6a38c75c541e"
dependencies = [
 "proc-macro2",
 "quote",
 "syn",
]

[[package]]
name = "serde_json"
version = "1.0.93"
source = "registry+https://github.com/rust-lang/crates.io-index"
checksum = "cad406b69c91885b5107daf2c29572f6c8cdb3c66826821e286c533490c0bc76"
dependencies = [
 "itoa",
 "ryu",
 "serde",
]

[[package]]
name = "sophia"
version = "0.7.2"
source = "registry+https://github.com/rust-lang/crates.io-index"
checksum = "044d2d79633c0413a3cdb5b3cdd6f18b2d6a7f0d76cb75d3251ff92a83c4f55d"
dependencies = [
 "resiter",
 "sophia_api",
 "sophia_indexed",
 "sophia_inmem",
 "sophia_iri",
 "sophia_rio",
 "sophia_term",
 "sophia_turtle",
]

[[package]]
name = "sophia_api"
version = "0.7.2"
source = "registry+https://github.com/rust-lang/crates.io-index"
checksum = "aad03aad8253bd0f7c5423da4a1aaf4b18e5856b40e8841063ba5226cebc5efb"
dependencies = [
 "lazy_static",
 "mownstr",
 "regex",
 "resiter",
 "sophia_iri",
 "thiserror",
]

[[package]]
name = "sophia_indexed"
version = "0.7.2"
source = "registry+https://github.com/rust-lang/crates.io-index"
checksum = "f8385acd3ff5e36a22fe4f6d308a10a66b87bbb437bcab096c1d88d522b05ece"
dependencies = [
 "sophia_api",
 "sophia_term",
]

[[package]]
name = "sophia_inmem"
version = "0.7.2"
source = "registry+https://github.com/rust-lang/crates.io-index"
checksum = "28f09086332b823c4d8fa2365987cf881f1c6a9b139991db78c09729a5a3442c"
dependencies = [
 "sophia_api",
 "sophia_indexed",
 "sophia_term",
]

[[package]]
name = "sophia_iri"
version = "0.7.2"
source = "registry+https://github.com/rust-lang/crates.io-index"
checksum = "ecf2b1953a03e53c8cbfb029646be5b75c7e3a83cde8ef16ffe185c471093437"
dependencies = [
 "lazy_static",
 "mownstr",
 "regex",
 "thiserror",
]

[[package]]
name = "sophia_rio"
version = "0.7.2"
source = "registry+https://github.com/rust-lang/crates.io-index"
checksum = "fbdcd2f32812619d11e0c531ce35f6d2704fa354dec97ca4072872744d042311"
dependencies = [
 "rio_api",
 "sophia_api",
]

[[package]]
name = "sophia_term"
version = "0.7.2"
source = "registry+https://github.com/rust-lang/crates.io-index"
checksum = "9d21426110f6c45ba6f6a0f5354b4d201cc42a00d2550f7c7ca26e6d6ba89490"
dependencies = [
 "lazy_static",
 "mownstr",
 "oxilangtag",
 "regex",
 "sophia_api",
 "sophia_iri",
 "thiserror",
 "weak-table",
]

[[package]]
name = "sophia_turtle"
version = "0.7.2"
source = "registry+https://github.com/rust-lang/crates.io-index"
checksum = "d31f4522a1fb3a49144c20f3cce6a00e1d6c33b5552c0338311868cbb62c7f5d"
dependencies = [
 "lazy_static",
 "oxiri",
 "regex",
 "rio_api",
 "rio_turtle",
 "sophia_api",
 "sophia_indexed",
 "sophia_inmem",
 "sophia_iri",
 "sophia_rio",
 "sophia_term",
 "thiserror",
]

[[package]]
name = "syn"
version = "1.0.109"
source = "registry+https://github.com/rust-lang/crates.io-index"
checksum = "72b64191b275b66ffe2469e8af2c1cfe3bafa67b529ead792a6d0160888b4237"
dependencies = [
 "proc-macro2",
 "quote",
 "unicode-ident",
]

[[package]]
name = "thiserror"
version = "1.0.38"
source = "registry+https://github.com/rust-lang/crates.io-index"
checksum = "6a9cd18aa97d5c45c6603caea1da6628790b37f7a34b6ca89522331c5180fed0"
dependencies = [
 "thiserror-impl",
]

[[package]]
name = "thiserror-impl"
version = "1.0.38"
source = "registry+https://github.com/rust-lang/crates.io-index"
checksum = "1fb327af4685e4d03fa8cbcf1716380da910eeb2bb8be417e7f9fd3fb164f36f"
dependencies = [
 "proc-macro2",
 "quote",
 "syn",
]

[[package]]
name = "toml"
version = "0.5.11"
source = "registry+https://github.com/rust-lang/crates.io-index"
checksum = "f4f7f0dd8d50a853a531c426359045b1998f04219d88799810762cd4ad314234"
dependencies = [
 "serde",
]

[[package]]
name = "unicode-ident"
version = "1.0.6"
source = "registry+https://github.com/rust-lang/crates.io-index"
checksum = "84a22b9f218b40614adcb3f4ff08b703773ad44fa9423e4e0d346d5db86e4ebc"

[[package]]
name = "uuid"
version = "1.3.0"
source = "registry+https://github.com/rust-lang/crates.io-index"
checksum = "1674845326ee10d37ca60470760d4288a6f80f304007d92e5c53bab78c9cfd79"

[[package]]
name = "version_check"
version = "0.9.4"
source = "registry+https://github.com/rust-lang/crates.io-index"
checksum = "49874b5167b65d7193b8aba1567f5c7d93d001cafc34600cee003eda787e483f"

[[package]]
name = "weak-table"
version = "0.3.2"
source = "registry+https://github.com/rust-lang/crates.io-index"
checksum = "323f4da9523e9a669e1eaf9c6e763892769b1d38c623913647bfdc1532fe4549"
